PODS:
  - AKSideMenu (1.4.6)

DEPENDENCIES:
  - AKSideMenu (from `../../AKSideMenu.podspec`)

EXTERNAL SOURCES:
  AKSideMenu:
    :path: "../../AKSideMenu.podspec"

SPEC CHECKSUMS:
  AKSideMenu: 3814b93d6503a51dc481fe24fed2d8db3c455247

PODFILE CHECKSUM: af4946ce01546d15d8862d20b5be5cb193877ed5

COCOAPODS: 1.8.3
